
Microsoft Visual Studio Solution File, Format Version 12.00
# Visual Studio Version 17
VisualStudioVersion = 17.5.002.0
MinimumVisualStudioVersion = 10.0.40219.1
Project("{9A19103F-16F7-4668-BE54-9A1E7A4F7556}") = "Arbol-binario", "Arbol-binario.csproj", "{37687D6C-CBE4-4FA0-A1B1-4C215745755B}"
EndProject
Global
	GlobalSection(SolutionConfigurationPlatforms) = preSolution
		Debug|Any CPU = Debug|Any CPU
		Release|Any CPU = Release|Any CPU
	EndGlobalSection
	GlobalSection(ProjectConfigurationPlatforms) = postSolution
		{37687D6C-CBE4-4FA0-A1B1-4C215745755B}.Debug|Any CPU.ActiveCfg = Debug|Any CPU
		{37687D6C-CBE4-4FA0-A1B1-4C215745755B}.Debug|Any CPU.Build.0 = Debug|Any CPU
		{37687D6C-CBE4-4FA0-A1B1-4C215745755B}.Release|Any CPU.ActiveCfg = Release|Any CPU
		{37687D6C-CBE4-4FA0-A1B1-4C215745755B}.Release|Any CPU.Build.0 = Release|Any CPU
	EndGlobalSection
	GlobalSection(SolutionProperties) = preSolution
		HideSolutionNode = FALSE
	EndGlobalSection
	GlobalSection(ExtensibilityGlobals) = postSolution
		SolutionGuid = {035EF6C8-F588-41EA-A997-5EA4228C986B}
	EndGlobalSection
EndGlobal
